
Microsoft Visual Studio Solution File, Format Version 12.00
# Visual Studio 15
Project("{FAE04EC0-301F-11D3-BF4B-00C04F79EFBC}") = "WebApp", "WebApp\WebApp.csproj", "{8598A7FB-0DA6-4FAF-AFDD-10DFD035706B}"
EndProject
Global
	GlobalSection(SolutionConfigurationPlatforms) = preSolution
		Debug|Any CPU = Debug|Any CPU
		Release|Any CPU = Release|Any CPU
	EndGlobalSection
	GlobalSection(ProjectConfigurationPlatforms) = postSolution
		{8598A7FB-0DA6-4FAF-AFDD-10DFD035706B}.Debug|Any CPU.ActiveCfg = Debug|Any CPU
		{8598A7FB-0DA6-4FAF-AFDD-10DFD035706B}.Debug|Any CPU.Build.0 = Debug|Any CPU
		{8598A7FB-0DA6-4FAF-AFDD-10DFD035706B}.Release|Any CPU.ActiveCfg = Release|Any CPU
		{8598A7FB-0DA6-4FAF-AFDD-10DFD035706B}.Release|Any CPU.Build.0 = Release|Any CPU
	EndGlobalSection
EndGlobal
